{
  "version": 4,
  "terraform_version": "1.3.4",
  "serial": 4,
  "lineage": "c7f698c8-1be7-45f8-925f-29a3c2edb990",
  "outputs": {},
  "resources": [
    {
      "mode": "managed",
      "type": "local_file",
      "name": "sample_res",
      "provider": "provider[\"registry.terraform.io/hashicorp/local\"]",
      "instances": [
        {
          "schema_version": 0,
          "attributes": {
            "content": null,
            "content_base64": null,
            "directory_permission": "0777",
            "file_permission": "0777",
            "filename": "sample.txt",
            "id": "6335192de706c9a970dc5b909f289207ee91355d",
            "sensitive_content": "my first script",
            "source": null
          },
          "sensitive_attributes": [],
          "private": "bnVsbA=="
        }
      ]
    }
  ],
  "check_results": null
}
